
Microsoft Visual Studio Solution File, Format Version 12.00
# Visual Studio 15
VisualStudioVersion = 15.0.27130.2010
MinimumVisualStudioVersion = 10.0.40219.1
Project("{FAE04EC0-301F-11D3-BF4B-00C04F79EFBC}") = "ApplianceAndElectronicStore", "ApplianceAndElectronicStore\ApplianceAndElectronicStore.csproj", "{5F25E43C-32B9-4D41-B0DF-56C96159EC34}"
EndProject
Global
	GlobalSection(SolutionConfigurationPlatforms) = preSolution
		Debug|Any CPU = Debug|Any CPU
		Release|Any CPU = Release|Any CPU
	EndGlobalSection
	GlobalSection(ProjectConfigurationPlatforms) = postSolution
		{5F25E43C-32B9-4D41-B0DF-56C96159EC34}.Debug|Any CPU.ActiveCfg = Debug|Any CPU
		{5F25E43C-32B9-4D41-B0DF-56C96159EC34}.Debug|Any CPU.Build.0 = Debug|Any CPU
		{5F25E43C-32B9-4D41-B0DF-56C96159EC34}.Release|Any CPU.ActiveCfg = Release|Any CPU
		{5F25E43C-32B9-4D41-B0DF-56C96159EC34}.Release|Any CPU.Build.0 = Release|Any CPU
	EndGlobalSection
	GlobalSection(SolutionProperties) = preSolution
		HideSolutionNode = FALSE
	EndGlobalSection
	GlobalSection(ExtensibilityGlobals) = postSolution
		SolutionGuid = {0D61C3C2-B7BE-4BCA-B64E-25969A46D987}
	EndGlobalSection
EndGlobal
